{
  "pins" : [
    {
      "identity" : "launchatlogin",
      "kind" : "remoteSourceControl",
      "location" : "https://github.com/sindresorhus/LaunchAtLogin",
      "state" : {
        "revision" : "7ad6331f9c38953eb1ce8737758e18f7607e984a",
        "version" : "5.0.0"
      }
    },
    {
      "identity" : "settingsaccess",
      "kind" : "remoteSourceControl",
      "location" : "https://github.com/orchetect/SettingsAccess",
      "state" : {
        "revision" : "0fd73c8b5892e88acb13adb7f36a4ba9293a0061",
        "version" : "1.4.0"
      }
    },
    {
      "identity" : "shell-kit",
      "kind" : "remoteSourceControl",
      "location" : "https://github.com/binarybirds/shell-kit",
      "state" : {
        "revision" : "8507fc5a1d4c9b4aca71fa69bf6030fb94229d37",
        "version" : "1.0.1"
      }
    }
  ],
  "version" : 2
}
